
Microsoft Visual Studio Solution File, Format Version 12.00
# Visual Studio 15
VisualStudioVersion = 15.0.28010.2046
MinimumVisualStudioVersion = 10.0.40219.1
Project("{FAE04EC0-301F-11D3-BF4B-00C04F79EFBC}") = "A04_REST_Webservice", "A04_REST_Webservice\A04_REST_Webservice.csproj", "{E960C362-001D-45F7-830F-4E5FA99BA6F8}"
EndProject
Project("{FAE04EC0-301F-11D3-BF4B-00C04F79EFBC}") = "Test", "Test\Test.csproj", "{78EFF44E-4555-44DF-9B51-9B45A06016AA}"
EndProject
Global
	GlobalSection(SolutionConfigurationPlatforms) = preSolution
		Debug|Any CPU = Debug|Any CPU
		Release|Any CPU = Release|Any CPU
	EndGlobalSection
	GlobalSection(ProjectConfigurationPlatforms) = postSolution
		{E960C362-001D-45F7-830F-4E5FA99BA6F8}.Debug|Any CPU.ActiveCfg = Debug|Any CPU
		{E960C362-001D-45F7-830F-4E5FA99BA6F8}.Debug|Any CPU.Build.0 = Debug|Any CPU
		{E960C362-001D-45F7-830F-4E5FA99BA6F8}.Release|Any CPU.ActiveCfg = Release|Any CPU
		{E960C362-001D-45F7-830F-4E5FA99BA6F8}.Release|Any CPU.Build.0 = Release|Any CPU
		{78EFF44E-4555-44DF-9B51-9B45A06016AA}.Debug|Any CPU.ActiveCfg = Debug|Any CPU
		{78EFF44E-4555-44DF-9B51-9B45A06016AA}.Debug|Any CPU.Build.0 = Debug|Any CPU
		{78EFF44E-4555-44DF-9B51-9B45A06016AA}.Release|Any CPU.ActiveCfg = Release|Any CPU
		{78EFF44E-4555-44DF-9B51-9B45A06016AA}.Release|Any CPU.Build.0 = Release|Any CPU
	EndGlobalSection
	GlobalSection(SolutionProperties) = preSolution
		HideSolutionNode = FALSE
	EndGlobalSection
	GlobalSection(ExtensibilityGlobals) = postSolution
		SolutionGuid = {49B13FEA-A8B9-45F7-8ADB-D8967F09A82D}
	EndGlobalSection
EndGlobal
